
Microsoft Visual Studio Solution File, Format Version 12.00
# Visual Studio Version 17
VisualStudioVersion = 17.13.35825.156
MinimumVisualStudioVersion = 10.0.40219.1
Project("{FAE04EC0-301F-11D3-BF4B-00C04F79EFBC}") = "QuadsRenderer", "QuadsRenderer\QuadsRenderer.csproj", "{3DE5F75E-EE39-4118-AF36-3D63E9956ED4}"
EndProject
Project("{FAE04EC0-301F-11D3-BF4B-00C04F79EFBC}") = "LibDxGeometryRendering", "LibQuadsRenderer\LibDxGeometryRendering.csproj", "{B2DDAC14-F095-4C2D-8CC8-4D81D491DD5E}"
EndProject
Project("{FAE04EC0-301F-11D3-BF4B-00C04F79EFBC}") = "PerformanceTest", "PerformanceTest\PerformanceTest.csproj", "{EFA8707D-A8B2-4F6B-BAD6-3856519B5E26}"
EndProject
Project("{FAE04EC0-301F-11D3-BF4B-00C04F79EFBC}") = "D3DImageRendering", "D3DImageRendering\D3DImageRendering.csproj", "{9597C8B7-4C86-43FC-8E5B-A92DE3E98F43}"
EndProject
Global
	GlobalSection(SolutionConfigurationPlatforms) = preSolution
		Debug|Any CPU = Debug|Any CPU
		Release|Any CPU = Release|Any CPU
	EndGlobalSection
	GlobalSection(ProjectConfigurationPlatforms) = postSolution
		{3DE5F75E-EE39-4118-AF36-3D63E9956ED4}.Debug|Any CPU.ActiveCfg = Debug|Any CPU
		{3DE5F75E-EE39-4118-AF36-3D63E9956ED4}.Debug|Any CPU.Build.0 = Debug|Any CPU
		{3DE5F75E-EE39-4118-AF36-3D63E9956ED4}.Release|Any CPU.ActiveCfg = Release|Any CPU
		{3DE5F75E-EE39-4118-AF36-3D63E9956ED4}.Release|Any CPU.Build.0 = Release|Any CPU
		{B2DDAC14-F095-4C2D-8CC8-4D81D491DD5E}.Debug|Any CPU.ActiveCfg = Debug|Any CPU
		{B2DDAC14-F095-4C2D-8CC8-4D81D491DD5E}.Debug|Any CPU.Build.0 = Debug|Any CPU
		{B2DDAC14-F095-4C2D-8CC8-4D81D491DD5E}.Release|Any CPU.ActiveCfg = Release|Any CPU
		{B2DDAC14-F095-4C2D-8CC8-4D81D491DD5E}.Release|Any CPU.Build.0 = Release|Any CPU
		{EFA8707D-A8B2-4F6B-BAD6-3856519B5E26}.Debug|Any CPU.ActiveCfg = Debug|Any CPU
		{EFA8707D-A8B2-4F6B-BAD6-3856519B5E26}.Debug|Any CPU.Build.0 = Debug|Any CPU
		{EFA8707D-A8B2-4F6B-BAD6-3856519B5E26}.Release|Any CPU.ActiveCfg = Release|Any CPU
		{EFA8707D-A8B2-4F6B-BAD6-3856519B5E26}.Release|Any CPU.Build.0 = Release|Any CPU
		{9597C8B7-4C86-43FC-8E5B-A92DE3E98F43}.Debug|Any CPU.ActiveCfg = Debug|Any CPU
		{9597C8B7-4C86-43FC-8E5B-A92DE3E98F43}.Debug|Any CPU.Build.0 = Debug|Any CPU
		{9597C8B7-4C86-43FC-8E5B-A92DE3E98F43}.Release|Any CPU.ActiveCfg = Release|Any CPU
		{9597C8B7-4C86-43FC-8E5B-A92DE3E98F43}.Release|Any CPU.Build.0 = Release|Any CPU
	EndGlobalSection
	GlobalSection(SolutionProperties) = preSolution
		HideSolutionNode = FALSE
	EndGlobalSection
	GlobalSection(ExtensibilityGlobals) = postSolution
		SolutionGuid = {98767992-FEF0-4C7C-A3F9-77DD4FF45D7F}
	EndGlobalSection
EndGlobal
